
Microsoft Visual Studio Solution File, Format Version 12.00
# Visual Studio Version 16
VisualStudioVersion = 16.0.31410.357
MinimumVisualStudioVersion = 10.0.40219.1
Project("{FAE04EC0-301F-11D3-BF4B-00C04F79EFBC}") = "MyBlog", "MyBlog\MyBlog.csproj", "{B59F8234-CE11-445F-96EF-68EB68038CE3}"
EndProject
Global
	GlobalSection(SolutionConfigurationPlatforms) = preSolution
		Debug|Any CPU = Debug|Any CPU
		Release|Any CPU = Release|Any CPU
	EndGlobalSection
	GlobalSection(ProjectConfigurationPlatforms) = postSolution
		{B59F8234-CE11-445F-96EF-68EB68038CE3}.Debug|Any CPU.ActiveCfg = Debug|Any CPU
		{B59F8234-CE11-445F-96EF-68EB68038CE3}.Debug|Any CPU.Build.0 = Debug|Any CPU
		{B59F8234-CE11-445F-96EF-68EB68038CE3}.Release|Any CPU.ActiveCfg = Release|Any CPU
		{B59F8234-CE11-445F-96EF-68EB68038CE3}.Release|Any CPU.Build.0 = Release|Any CPU
	EndGlobalSection
	GlobalSection(SolutionProperties) = preSolution
		HideSolutionNode = FALSE
	EndGlobalSection
	GlobalSection(ExtensibilityGlobals) = postSolution
		SolutionGuid = {7FF0BDBA-FADA-4E84-BB97-198EE4F80472}
	EndGlobalSection
EndGlobal
